{
  "name": "@gmussi-contracts/solidity-voting",
  "version": "0.0.1",
  "lockfileVersion": 1,
  "requires": true,
  "dependencies": {
    "@gmussi-contracts/gmussi-claimable": {
      "version": "1.0.0",
      "resolved": "https://registry.npmjs.org/@gmussi-contracts/gmussi-claimable/-/gmussi-claimable-1.0.0.tgz",
      "integrity": "sha512-DULCzLtV7/HUrcC1aQScwI945aYj3fOyclIESEwWYFttVaemxaLaP4K/PKOcy/r5dRSB+D3gxj+EKLLG704gsg=="
    }
  }
}
